# This file was autogenerated by Stack.
# You should not edit this file by hand.
# For more information, please see the documentation at:
#   https://docs.haskellstack.org/en/stable/lock_files

packages:
- completed:
    hackage: HUnit-1.2.5.2@sha256:d2fad4a6be6a67f47de5c29931133c00241244f207307c386ac26a795a4f5cf3,1498
    pantry-tree:
      size: 1143
      sha256: 0be476160cc0e17bf7941336c84965fb2c7e8ee8285ce8da07b915449f39d000
  original:
    hackage: HUnit-1.2.5.2
snapshots:
- completed:
    size: 518016
    url: https://raw.githubusercontent.com/commercialhaskell/stackage-snapshots/master/lts/8/24.yaml
    sha256: 58d166ffca17aba53a052fb1e2e1dd1563752d039e30f4d135d7e1cbe3e870cc
  original: lts-8.24
